
Microsoft Visual Studio Solution File, Format Version 12.00
# Visual Studio Version 17
VisualStudioVersion = 17.8.34408.163
MinimumVisualStudioVersion = 10.0.40219.1
Project("{FAE04EC0-301F-11D3-BF4B-00C04F79EFBC}") = "ComptScienceBooks", "ComptScienceBooks\ComptScienceBooks.csproj", "{0CDE46AE-2C8E-4A4E-AFF7-A42B9C246A8A}"
EndProject
Global
	GlobalSection(SolutionConfigurationPlatforms) = preSolution
		Debug|Any CPU = Debug|Any CPU
		Release|Any CPU = Release|Any CPU
	EndGlobalSection
	GlobalSection(ProjectConfigurationPlatforms) = postSolution
		{0CDE46AE-2C8E-4A4E-AFF7-A42B9C246A8A}.Debug|Any CPU.ActiveCfg = Debug|Any CPU
		{0CDE46AE-2C8E-4A4E-AFF7-A42B9C246A8A}.Debug|Any CPU.Build.0 = Debug|Any CPU
		{0CDE46AE-2C8E-4A4E-AFF7-A42B9C246A8A}.Release|Any CPU.ActiveCfg = Release|Any CPU
		{0CDE46AE-2C8E-4A4E-AFF7-A42B9C246A8A}.Release|Any CPU.Build.0 = Release|Any CPU
	EndGlobalSection
	GlobalSection(SolutionProperties) = preSolution
		HideSolutionNode = FALSE
	EndGlobalSection
	GlobalSection(ExtensibilityGlobals) = postSolution
		SolutionGuid = {40233F7A-9994-4CF6-9DA3-00F905B7BD7E}
	EndGlobalSection
EndGlobal
